
Microsoft Visual Studio Solution File, Format Version 11.00
# Visual Studio 2010
Project("{FAE04EC0-301F-11D3-BF4B-00C04F79EFBC}") = "DotNetWebSocket", "DotNetWebSocket\DotNetWebSocket.csproj", "{CB78A38D-9F81-430F-A571-C2E64E046AFF}"
EndProject
Project("{2150E333-8FDC-42A3-9474-1A3956D46DE8}") = "Examples", "Examples", "{98967F77-26DF-43D1-8A22-1E20D96E8525}"
EndProject
Project("{FAE04EC0-301F-11D3-BF4B-00C04F79EFBC}") = "ServerExample1", "Examples\ServerExample1\ServerExample1.csproj", "{3D422D5F-7864-4F07-B728-BA5530541BDE}"
EndProject
Project("{FAE04EC0-301F-11D3-BF4B-00C04F79EFBC}") = "ClientExample1", "Examples\ClientExample1\ClientExample1.csproj", "{83D5A803-6F83-4258-AAB9-57AD81AE939B}"
EndProject
Project("{FAE04EC0-301F-11D3-BF4B-00C04F79EFBC}") = "Tests", "Tests\Tests.csproj", "{68AC9AE1-5299-4290-A872-B4170CE31EC6}"
EndProject
Project("{2150E333-8FDC-42A3-9474-1A3956D46DE8}") = "Solution Items", "Solution Items", "{29F6E235-6316-457E-A847-14CDFC6F5F99}"
	ProjectSection(SolutionItems) = preProject
		DotNetWebSocket.vsmdi = DotNetWebSocket.vsmdi
		Local.testsettings = Local.testsettings
		TraceAndTestImpact.testsettings = TraceAndTestImpact.testsettings
	EndProjectSection
EndProject
Project("{FAE04EC0-301F-11D3-BF4B-00C04F79EFBC}") = "ServerExample2", "Examples\ServerExample2\ServerExample2.csproj", "{BB6CCA85-B5AA-4DF6-AA7E-25CDDB269CDB}"
EndProject
Global
	GlobalSection(TestCaseManagementSettings) = postSolution
		CategoryFile = DotNetWebSocket.vsmdi
	EndGlobalSection
	GlobalSection(SolutionConfigurationPlatforms) = preSolution
		Debug|Any CPU = Debug|Any CPU
		Debug|Mixed Platforms = Debug|Mixed Platforms
		Debug|x86 = Debug|x86
		Release|Any CPU = Release|Any CPU
		Release|Mixed Platforms = Release|Mixed Platforms
		Release|x86 = Release|x86
	EndGlobalSection
	GlobalSection(ProjectConfigurationPlatforms) = postSolution
		{CB78A38D-9F81-430F-A571-C2E64E046AFF}.Debug|Any CPU.ActiveCfg = Debug|Any CPU
		{CB78A38D-9F81-430F-A571-C2E64E046AFF}.Debug|Any CPU.Build.0 = Debug|Any CPU
		{CB78A38D-9F81-430F-A571-C2E64E046AFF}.Debug|Mixed Platforms.ActiveCfg = Debug|Any CPU
		{CB78A38D-9F81-430F-A571-C2E64E046AFF}.Debug|Mixed Platforms.Build.0 = Debug|Any CPU
		{CB78A38D-9F81-430F-A571-C2E64E046AFF}.Debug|x86.ActiveCfg = Debug|Any CPU
		{CB78A38D-9F81-430F-A571-C2E64E046AFF}.Release|Any CPU.ActiveCfg = Release|Any CPU
		{CB78A38D-9F81-430F-A571-C2E64E046AFF}.Release|Any CPU.Build.0 = Release|Any CPU
		{CB78A38D-9F81-430F-A571-C2E64E046AFF}.Release|Mixed Platforms.ActiveCfg = Release|Any CPU
		{CB78A38D-9F81-430F-A571-C2E64E046AFF}.Release|Mixed Platforms.Build.0 = Release|Any CPU
		{CB78A38D-9F81-430F-A571-C2E64E046AFF}.Release|x86.ActiveCfg = Release|Any CPU
		{3D422D5F-7864-4F07-B728-BA5530541BDE}.Debug|Any CPU.ActiveCfg = Debug|x86
		{3D422D5F-7864-4F07-B728-BA5530541BDE}.Debug|Mixed Platforms.ActiveCfg = Debug|x86
		{3D422D5F-7864-4F07-B728-BA5530541BDE}.Debug|Mixed Platforms.Build.0 = Debug|x86
		{3D422D5F-7864-4F07-B728-BA5530541BDE}.Debug|x86.ActiveCfg = Debug|x86
		{3D422D5F-7864-4F07-B728-BA5530541BDE}.Debug|x86.Build.0 = Debug|x86
		{3D422D5F-7864-4F07-B728-BA5530541BDE}.Release|Any CPU.ActiveCfg = Release|x86
		{3D422D5F-7864-4F07-B728-BA5530541BDE}.Release|Mixed Platforms.ActiveCfg = Release|x86
		{3D422D5F-7864-4F07-B728-BA5530541BDE}.Release|Mixed Platforms.Build.0 = Release|x86
		{3D422D5F-7864-4F07-B728-BA5530541BDE}.Release|x86.ActiveCfg = Release|x86
		{3D422D5F-7864-4F07-B728-BA5530541BDE}.Release|x86.Build.0 = Release|x86
		{83D5A803-6F83-4258-AAB9-57AD81AE939B}.Debug|Any CPU.ActiveCfg = Debug|Any CPU
		{83D5A803-6F83-4258-AAB9-57AD81AE939B}.Debug|Any CPU.Build.0 = Debug|Any CPU
		{83D5A803-6F83-4258-AAB9-57AD81AE939B}.Debug|Mixed Platforms.ActiveCfg = Debug|Any CPU
		{83D5A803-6F83-4258-AAB9-57AD81AE939B}.Debug|Mixed Platforms.Build.0 = Debug|Any CPU
		{83D5A803-6F83-4258-AAB9-57AD81AE939B}.Debug|x86.ActiveCfg = Debug|Any CPU
		{83D5A803-6F83-4258-AAB9-57AD81AE939B}.Release|Any CPU.ActiveCfg = Release|Any CPU
		{83D5A803-6F83-4258-AAB9-57AD81AE939B}.Release|Any CPU.Build.0 = Release|Any CPU
		{83D5A803-6F83-4258-AAB9-57AD81AE939B}.Release|Mixed Platforms.ActiveCfg = Release|Any CPU
		{83D5A803-6F83-4258-AAB9-57AD81AE939B}.Release|Mixed Platforms.Build.0 = Release|Any CPU
		{83D5A803-6F83-4258-AAB9-57AD81AE939B}.Release|x86.ActiveCfg = Release|Any CPU
		{68AC9AE1-5299-4290-A872-B4170CE31EC6}.Debug|Any CPU.ActiveCfg = Debug|Any CPU
		{68AC9AE1-5299-4290-A872-B4170CE31EC6}.Debug|Any CPU.Build.0 = Debug|Any CPU
		{68AC9AE1-5299-4290-A872-B4170CE31EC6}.Debug|Mixed Platforms.ActiveCfg = Debug|Any CPU
		{68AC9AE1-5299-4290-A872-B4170CE31EC6}.Debug|Mixed Platforms.Build.0 = Debug|Any CPU
		{68AC9AE1-5299-4290-A872-B4170CE31EC6}.Debug|x86.ActiveCfg = Debug|Any CPU
		{68AC9AE1-5299-4290-A872-B4170CE31EC6}.Release|Any CPU.ActiveCfg = Release|Any CPU
		{68AC9AE1-5299-4290-A872-B4170CE31EC6}.Release|Any CPU.Build.0 = Release|Any CPU
		{68AC9AE1-5299-4290-A872-B4170CE31EC6}.Release|Mixed Platforms.ActiveCfg = Release|Any CPU
		{68AC9AE1-5299-4290-A872-B4170CE31EC6}.Release|Mixed Platforms.Build.0 = Release|Any CPU
		{68AC9AE1-5299-4290-A872-B4170CE31EC6}.Release|x86.ActiveCfg = Release|Any CPU
		{BB6CCA85-B5AA-4DF6-AA7E-25CDDB269CDB}.Debug|Any CPU.ActiveCfg = Debug|x86
		{BB6CCA85-B5AA-4DF6-AA7E-25CDDB269CDB}.Debug|Mixed Platforms.ActiveCfg = Debug|x86
		{BB6CCA85-B5AA-4DF6-AA7E-25CDDB269CDB}.Debug|Mixed Platforms.Build.0 = Debug|x86
		{BB6CCA85-B5AA-4DF6-AA7E-25CDDB269CDB}.Debug|x86.ActiveCfg = Debug|x86
		{BB6CCA85-B5AA-4DF6-AA7E-25CDDB269CDB}.Debug|x86.Build.0 = Debug|x86
		{BB6CCA85-B5AA-4DF6-AA7E-25CDDB269CDB}.Release|Any CPU.ActiveCfg = Release|x86
		{BB6CCA85-B5AA-4DF6-AA7E-25CDDB269CDB}.Release|Mixed Platforms.ActiveCfg = Release|x86
		{BB6CCA85-B5AA-4DF6-AA7E-25CDDB269CDB}.Release|Mixed Platforms.Build.0 = Release|x86
		{BB6CCA85-B5AA-4DF6-AA7E-25CDDB269CDB}.Release|x86.ActiveCfg = Release|x86
		{BB6CCA85-B5AA-4DF6-AA7E-25CDDB269CDB}.Release|x86.Build.0 = Release|x86
	EndGlobalSection
	GlobalSection(SolutionProperties) = preSolution
		HideSolutionNode = FALSE
	EndGlobalSection
	GlobalSection(NestedProjects) = preSolution
		{3D422D5F-7864-4F07-B728-BA5530541BDE} = {98967F77-26DF-43D1-8A22-1E20D96E8525}
		{83D5A803-6F83-4258-AAB9-57AD81AE939B} = {98967F77-26DF-43D1-8A22-1E20D96E8525}
		{BB6CCA85-B5AA-4DF6-AA7E-25CDDB269CDB} = {98967F77-26DF-43D1-8A22-1E20D96E8525}
	EndGlobalSection
EndGlobal
